// !$*UTF8*$!
{
	archiveVersion = 1;
	classes = {
	};
	objectVersion = 46;
	objects = {

/* Begin PBXBuildFile section */
		892C6B621E30CBC700B39B8C /* YANetworkingHandler.m in Sources */ = {isa = PBXBuildFile; fileRef = 892C6B611E30CBC700B39B8C /* YANetworkingHandler.m */; };
		8942794A1E2C978C007AFA8E /* NSObject+YYModel.m in Sources */ = {isa = PBXBuildFile; fileRef = 894279461E2C978C007AFA8E /* NSObject+YYModel.m */; };
		8942794B1E2C978C007AFA8E /* YYClassInfo.m in Sources */ = {isa = PBXBuildFile; fileRef = 894279481E2C978C007AFA8E /* YYClassInfo.m */; };
		8942794F1E2CCD7B007AFA8E /* YAAqicnDataModel.m in Sources */ = {isa = PBXBuildFile; fileRef = 8942794E1E2CCD7B007AFA8E /* YAAqicnDataModel.m */; };
		894A45AD1E1B85400065BB30 /* Main.storyboard in Resources */ = {isa = PBXBuildFile; fileRef = 894A45AB1E1B85400065BB30 /* Main.storyboard */; };
		894A45AF1E1B85400065BB30 /* Assets.xcassets in Resources */ = {isa = PBXBuildFile; fileRef = 894A45AE1E1B85400065BB30 /* Assets.xcassets */; };
		894A45B21E1B85400065BB30 /* LaunchScreen.storyboard in Resources */ = {isa = PBXBuildFile; fileRef = 894A45B01E1B85400065BB30 /* LaunchScreen.storyboard */; };
		894A45BF1E1B92060065BB30 /* AppDelegate.m in Sources */ = {isa = PBXBuildFile; fileRef = 894A45BE1E1B92060065BB30 /* AppDelegate.m */; };
		894A45C31E1B92780065BB30 /* main.m in Sources */ = {isa = PBXBuildFile; fileRef = 894A45C11E1B92780065BB30 /* main.m */; };
		894A45C71E1B970B0065BB30 /* Info.plist in Resources */ = {isa = PBXBuildFile; fileRef = 894A45C61E1B970B0065BB30 /* Info.plist */; };
		89B126CA1E24EB5500A3B326 /* YASettingsViewController.m in Sources */ = {isa = PBXBuildFile; fileRef = 89B126C91E24EB5500A3B326 /* YASettingsViewController.m */; };
		89B72B701E2386D4007A8E85 /* YAHomeViewController.m in Sources */ = {isa = PBXBuildFile; fileRef = 89B72B6F1E2386D4007A8E85 /* YAHomeViewController.m */; };
		89B72B801E2395CF007A8E85 /* AFHTTPSessionManager.m in Sources */ = {isa = PBXBuildFile; fileRef = 89B72B741E2395CF007A8E85 /* AFHTTPSessionManager.m */; };
		89B72B811E2395CF007A8E85 /* AFNetworkReachabilityManager.m in Sources */ = {isa = PBXBuildFile; fileRef = 89B72B771E2395CF007A8E85 /* AFNetworkReachabilityManager.m */; };
		89B72B821E2395CF007A8E85 /* AFSecurityPolicy.m in Sources */ = {isa = PBXBuildFile; fileRef = 89B72B791E2395CF007A8E85 /* AFSecurityPolicy.m */; };
		89B72B831E2395CF007A8E85 /* AFURLRequestSerialization.m in Sources */ = {isa = PBXBuildFile; fileRef = 89B72B7B1E2395CF007A8E85 /* AFURLRequestSerialization.m */; };
		89B72B841E2395CF007A8E85 /* AFURLResponseSerialization.m in Sources */ = {isa = PBXBuildFile; fileRef = 89B72B7D1E2395CF007A8E85 /* AFURLResponseSerialization.m */; };
		89B72B851E2395CF007A8E85 /* AFURLSessionManager.m in Sources */ = {isa = PBXBuildFile; fileRef = 89B72B7F1E2395CF007A8E85 /* AFURLSessionManager.m */; };
		89B72B9B1E2395F5007A8E85 /* AFAutoPurgingImageCache.m in Sources */ = {isa = PBXBuildFile; fileRef = 89B72B881E2395F5007A8E85 /* AFAutoPurgingImageCache.m */; };
		89B72B9C1E2395F5007A8E85 /* AFImageDownloader.m in Sources */ = {isa = PBXBuildFile; fileRef = 89B72B8A1E2395F5007A8E85 /* AFImageDownloader.m */; };
		89B72B9D1E2395F5007A8E85 /* AFNetworkActivityIndicatorManager.m in Sources */ = {isa = PBXBuildFile; fileRef = 89B72B8C1E2395F5007A8E85 /* AFNetworkActivityIndicatorManager.m */; };
		89B72B9E1E2395F5007A8E85 /* UIActivityIndicatorView+AFNetworking.m in Sources */ = {isa = PBXBuildFile; fileRef = 89B72B8E1E2395F5007A8E85 /* UIActivityIndicatorView+AFNetworking.m */; };
		89B72B9F1E2395F5007A8E85 /* UIButton+AFNetworking.m in Sources */ = {isa = PBXBuildFile; fileRef = 89B72B901E2395F5007A8E85 /* UIButton+AFNetworking.m */; };
		89B72BA01E2395F5007A8E85 /* UIImageView+AFNetworking.m in Sources */ = {isa = PBXBuildFile; fileRef = 89B72B931E2395F5007A8E85 /* UIImageView+AFNetworking.m */; };
		89B72BA11E2395F5007A8E85 /* UIProgressView+AFNetworking.m in Sources */ = {isa = PBXBuildFile; fileRef = 89B72B961E2395F5007A8E85 /* UIProgressView+AFNetworking.m */; };
		89B72BA21E2395F5007A8E85 /* UIRefreshControl+AFNetworking.m in Sources */ = {isa = PBXBuildFile; fileRef = 89B72B981E2395F5007A8E85 /* UIRefreshControl+AFNetworking.m */; };
		89B72BA31E2395F5007A8E85 /* UIWebView+AFNetworking.m in Sources */ = {isa = PBXBuildFile; fileRef = 89B72B9A1E2395F5007A8E85 /* UIWebView+AFNetworking.m */; };
/* End PBXBuildFile section */

/* Begin PBXFileReference section */
		892C6B601E30CBC700B39B8C /* YANetworkingHandler.h */ = {isa = PBXFileReference; fileEncoding = 4; lastKnownFileType = sourcecode.c.h; name = YANetworkingHandler.h; path = "YA files/source/handler/networking/YANetworkingHandler.h"; sourceTree = "<group>"; };
		892C6B611E30CBC700B39B8C /* YANetworkingHandler.m */ = {isa = PBXFileReference; fileEncoding = 4; lastKnownFileType = sourcecode.c.objc; name = YANetworkingHandler.m; path = "YA files/source/handler/networking/YANetworkingHandler.m"; sourceTree = "<group>"; };
		894279451E2C978C007AFA8E /* NSObject+YYModel.h */ = {isa = PBXFileReference; fileEncoding = 4; lastKnownFileType = sourcecode.c.h; name = "NSObject+YYModel.h"; path = "ThirdSupport/YYModel/NSObject+YYModel.h"; sourceTree = "<group>"; };
		894279461E2C978C007AFA8E /* NSObject+YYModel.m */ = {isa = PBXFileReference; fileEncoding = 4; lastKnownFileType = sourcecode.c.objc; name = "NSObject+YYModel.m"; path = "ThirdSupport/YYModel/NSObject+YYModel.m"; sourceTree = "<group>"; };
		894279471E2C978C007AFA8E /* YYClassInfo.h */ = {isa = PBXFileReference; fileEncoding = 4; lastKnownFileType = sourcecode.c.h; name = YYClassInfo.h; path = ThirdSupport/YYModel/YYClassInfo.h; sourceTree = "<group>"; };
		894279481E2C978C007AFA8E /* YYClassInfo.m */ = {isa = PBXFileReference; fileEncoding = 4; lastKnownFileType = sourcecode.c.objc; name = YYClassInfo.m; path = ThirdSupport/YYModel/YYClassInfo.m; sourceTree = "<group>"; };
		894279491E2C978C007AFA8E /* YYModel.h */ = {isa = PBXFileReference; fileEncoding = 4; lastKnownFileType = sourcecode.c.h; name = YYModel.h; path = ThirdSupport/YYModel/YYModel.h; sourceTree = "<group>"; };
		8942794D1E2CCD7B007AFA8E /* YAAqicnDataModel.h */ = {isa = PBXFileReference; fileEncoding = 4; lastKnownFileType = sourcecode.c.h; name = YAAqicnDataModel.h; path = "YA files/source/Model/YAAqicnDataModel.h"; sourceTree = "<group>"; };
		8942794E1E2CCD7B007AFA8E /* YAAqicnDataModel.m */ = {isa = PBXFileReference; fileEncoding = 4; lastKnownFileType = sourcecode.c.objc; name = YAAqicnDataModel.m; path = "YA files/source/Model/YAAqicnDataModel.m"; sourceTree = "<group>"; };
		894A459F1E1B85400065BB30 /* Your Air.app */ = {isa = PBXFileReference; explicitFileType = wrapper.application; includeInIndex = 0; path = "Your Air.app"; sourceTree = BUILT_PRODUCTS_DIR; };
		894A45AC1E1B85400065BB30 /* Base */ = {isa = PBXFileReference; lastKnownFileType = file.storyboard; name = Base; path = Base.lproj/Main.storyboard; sourceTree = "<group>"; };
		894A45AE1E1B85400065BB30 /* Assets.xcassets */ = {isa = PBXFileReference; lastKnownFileType = folder.assetcatalog; name = Assets.xcassets; path = "Your Air/Assets.xcassets"; sourceTree = "<group>"; };
		894A45B11E1B85400065BB30 /* Base */ = {isa = PBXFileReference; lastKnownFileType = file.storyboard; name = Base; path = Base.lproj/LaunchScreen.storyboard; sourceTree = "<group>"; };
		894A45BD1E1B92060065BB30 /* AppDelegate.h */ = {isa = PBXFileReference; fileEncoding = 4; lastKnownFileType = sourcecode.c.h; name = AppDelegate.h; path = "YA files/AppDelegate.h"; sourceTree = "<group>"; };
		894A45BE1E1B92060065BB30 /* AppDelegate.m */ = {isa = PBXFileReference; fileEncoding = 4; lastKnownFileType = sourcecode.c.objc; name = AppDelegate.m; path = "YA files/AppDelegate.m"; sourceTree = "<group>"; };
		894A45C11E1B92780065BB30 /* main.m */ = {isa = PBXFileReference; fileEncoding = 4; lastKnownFileType = sourcecode.c.objc; name = main.m; path = "YA files/Supporting Files/main.m"; sourceTree = "<group>"; };
		894A45C61E1B970B0065BB30 /* Info.plist */ = {isa = PBXFileReference; fileEncoding = 4; lastKnownFileType = text.plist.xml; path = Info.plist; sourceTree = "<group>"; };
		89B126C61E2484A000A3B326 /* YAConstants.h */ = {isa = PBXFileReference; lastKnownFileType = sourcecode.c.h; name = YAConstants.h; path = "YA files/Constant/YAConstants.h"; sourceTree = "<group>"; };
		89B126C71E24927400A3B326 /* YA.pch */ = {isa = PBXFileReference; lastKnownFileType = sourcecode.c.h; path = YA.pch; sourceTree = "<group>"; };
		89B126C81E24EB5500A3B326 /* YASettingsViewController.h */ = {isa = PBXFileReference; fileEncoding = 4; lastKnownFileType = sourcecode.c.h; name = YASettingsViewController.h; path = "YA files/source/YASettingsViewController.h"; sourceTree = "<group>"; };
		89B126C91E24EB5500A3B326 /* YASettingsViewController.m */ = {isa = PBXFileReference; fileEncoding = 4; lastKnownFileType = sourcecode.c.objc; name = YASettingsViewController.m; path = "YA files/source/YASettingsViewController.m"; sourceTree = "<group>"; };
		89B72B6E1E2386D4007A8E85 /* YAHomeViewController.h */ = {isa = PBXFileReference; fileEncoding = 4; lastKnownFileType = sourcecode.c.h; name = YAHomeViewController.h; path = "YA files/source/YAHomeViewController.h"; sourceTree = "<group>"; };
		89B72B6F1E2386D4007A8E85 /* YAHomeViewController.m */ = {isa = PBXFileReference; fileEncoding = 4; lastKnownFileType = sourcecode.c.objc; name = YAHomeViewController.m; path = "YA files/source/YAHomeViewController.m"; sourceTree = "<group>"; };
		89B72B731E2395CF007A8E85 /* AFHTTPSessionManager.h */ = {isa = PBXFileReference; fileEncoding = 4; lastKnownFileType = sourcecode.c.h; name = AFHTTPSessionManager.h; path = ThirdSupport/AFNetworking/AFHTTPSessionManager.h; sourceTree = "<group>"; };
		89B72B741E2395CF007A8E85 /* AFHTTPSessionManager.m */ = {isa = PBXFileReference; fileEncoding = 4; lastKnownFileType = sourcecode.c.objc; name = AFHTTPSessionManager.m; path = ThirdSupport/AFNetworking/AFHTTPSessionManager.m; sourceTree = "<group>"; };
		89B72B751E2395CF007A8E85 /* AFNetworking.h */ = {isa = PBXFileReference; fileEncoding = 4; lastKnownFileType = sourcecode.c.h; name = AFNetworking.h; path = ThirdSupport/AFNetworking/AFNetworking.h; sourceTree = "<group>"; };
		89B72B761E2395CF007A8E85 /* AFNetworkReachabilityManager.h */ = {isa = PBXFileReference; fileEncoding = 4; lastKnownFileType = sourcecode.c.h; name = AFNetworkReachabilityManager.h; path = ThirdSupport/AFNetworking/AFNetworkReachabilityManager.h; sourceTree = "<group>"; };
		89B72B771E2395CF007A8E85 /* AFNetworkReachabilityManager.m */ = {isa = PBXFileReference; fileEncoding = 4; lastKnownFileType = sourcecode.c.objc; name = AFNetworkReachabilityManager.m; path = ThirdSupport/AFNetworking/AFNetworkReachabilityManager.m; sourceTree = "<group>"; };
		89B72B781E2395CF007A8E85 /* AFSecurityPolicy.h */ = {isa = PBXFileReference; fileEncoding = 4; lastKnownFileType = sourcecode.c.h; name = AFSecurityPolicy.h; path = ThirdSupport/AFNetworking/AFSecurityPolicy.h; sourceTree = "<group>"; };
		89B72B791E2395CF007A8E85 /* AFSecurityPolicy.m */ = {isa = PBXFileReference; fileEncoding = 4; lastKnownFileType = sourcecode.c.objc; name = AFSecurityPolicy.m; path = ThirdSupport/AFNetworking/AFSecurityPolicy.m; sourceTree = "<group>"; };
		89B72B7A1E2395CF007A8E85 /* AFURLRequestSerialization.h */ = {isa = PBXFileReference; fileEncoding = 4; lastKnownFileType = sourcecode.c.h; name = AFURLRequestSerialization.h; path = ThirdSupport/AFNetworking/AFURLRequestSerialization.h; sourceTree = "<group>"; };
		89B72B7B1E2395CF007A8E85 /* AFURLRequestSerialization.m */ = {isa = PBXFileReference; fileEncoding = 4; lastKnownFileType = sourcecode.c.objc; name = AFURLRequestSerialization.m; path = ThirdSupport/AFNetworking/AFURLRequestSerialization.m; sourceTree = "<group>"; };
		89B72B7C1E2395CF007A8E85 /* AFURLResponseSerialization.h */ = {isa = PBXFileReference; fileEncoding = 4; lastKnownFileType = sourcecode.c.h; name = AFURLResponseSerialization.h; path = ThirdSupport/AFNetworking/AFURLResponseSerialization.h; sourceTree = "<group>"; };
		89B72B7D1E2395CF007A8E85 /* AFURLResponseSerialization.m */ = {isa = PBXFileReference; fileEncoding = 4; lastKnownFileType = sourcecode.c.objc; name = AFURLResponseSerialization.m; path = ThirdSupport/AFNetworking/AFURLResponseSerialization.m; sourceTree = "<group>"; };
		89B72B7E1E2395CF007A8E85 /* AFURLSessionManager.h */ = {isa = PBXFileReference; fileEncoding = 4; lastKnownFileType = sourcecode.c.h; name = AFURLSessionManager.h; path = ThirdSupport/AFNetworking/AFURLSessionManager.h; sourceTree = "<group>"; };
		89B72B7F1E2395CF007A8E85 /* AFURLSessionManager.m */ = {isa = PBXFileReference; fileEncoding = 4; lastKnownFileType = sourcecode.c.objc; name = AFURLSessionManager.m; path = ThirdSupport/AFNetworking/AFURLSessionManager.m; sourceTree = "<group>"; };
		89B72B871E2395F5007A8E85 /* AFAutoPurgingImageCache.h */ = {isa = PBXFileReference; fileEncoding = 4; lastKnownFileType = sourcecode.c.h; name = AFAutoPurgingImageCache.h; path = "ThirdSupport/AFNetworking/UIKit+AFNetworking/AFAutoPurgingImageCache.h"; sourceTree = "<group>"; };
		89B72B881E2395F5007A8E85 /* AFAutoPurgingImageCache.m */ = {isa = PBXFileReference; fileEncoding = 4; lastKnownFileType = sourcecode.c.objc; name = AFAutoPurgingImageCache.m; path = "ThirdSupport/AFNetworking/UIKit+AFNetworking/AFAutoPurgingImageCache.m"; sourceTree = "<group>"; };
		89B72B891E2395F5007A8E85 /* AFImageDownloader.h */ = {isa = PBXFileReference; fileEncoding = 4; lastKnownFileType = sourcecode.c.h; name = AFImageDownloader.h; path = "ThirdSupport/AFNetworking/UIKit+AFNetworking/AFImageDownloader.h"; sourceTree = "<group>"; };
		89B72B8A1E2395F5007A8E85 /* AFImageDownloader.m */ = {isa = PBXFileReference; fileEncoding = 4; lastKnownFileType = sourcecode.c.objc; name = AFImageDownloader.m; path = "ThirdSupport/AFNetworking/UIKit+AFNetworking/AFImageDownloader.m"; sourceTree = "<group>"; };
		89B72B8B1E2395F5007A8E85 /* AFNetworkActivityIndicatorManager.h */ = {isa = PBXFileReference; fileEncoding = 4; lastKnownFileType = sourcecode.c.h; name = AFNetworkActivityIndicatorManager.h; path = "ThirdSupport/AFNetworking/UIKit+AFNetworking/AFNetworkActivityIndicatorManager.h"; sourceTree = "<group>"; };
		89B72B8C1E2395F5007A8E85 /* AFNetworkActivityIndicatorManager.m */ = {isa = PBXFileReference; fileEncoding = 4; lastKnownFileType = sourcecode.c.objc; name = AFNetworkActivityIndicatorManager.m; path = "ThirdSupport/AFNetworking/UIKit+AFNetworking/AFNetworkActivityIndicatorManager.m"; sourceTree = "<group>"; };
		89B72B8D1E2395F5007A8E85 /* UIActivityIndicatorView+AFNetworking.h */ = {isa = PBXFileReference; fileEncoding = 4; lastKnownFileType = sourcecode.c.h; name = "UIActivityIndicatorView+AFNetworking.h"; path = "ThirdSupport/AFNetworking/UIKit+AFNetworking/UIActivityIndicatorView+AFNetworking.h"; sourceTree = "<group>"; };
		89B72B8E1E2395F5007A8E85 /* UIActivityIndicatorView+AFNetworking.m */ = {isa = PBXFileReference; fileEncoding = 4; lastKnownFileType = sourcecode.c.objc; name = "UIActivityIndicatorView+AFNetworking.m"; path = "ThirdSupport/AFNetworking/UIKit+AFNetworking/UIActivityIndicatorView+AFNetworking.m"; sourceTree = "<group>"; };
		89B72B8F1E2395F5007A8E85 /* UIButton+AFNetworking.h */ = {isa = PBXFileReference; fileEncoding = 4; lastKnownFileType = sourcecode.c.h; name = "UIButton+AFNetworking.h"; path = "ThirdSupport/AFNetworking/UIKit+AFNetworking/UIButton+AFNetworking.h"; sourceTree = "<group>"; };
		89B72B901E2395F5007A8E85 /* UIButton+AFNetworking.m */ = {isa = PBXFileReference; fileEncoding = 4; lastKnownFileType = sourcecode.c.objc; name = "UIButton+AFNetworking.m"; path = "ThirdSupport/AFNetworking/UIKit+AFNetworking/UIButton+AFNetworking.m"; sourceTree = "<group>"; };
		89B72B911E2395F5007A8E85 /* UIImage+AFNetworking.h */ = {isa = PBXFileReference; fileEncoding = 4; lastKnownFileType = sourcecode.c.h; name = "UIImage+AFNetworking.h"; path = "ThirdSupport/AFNetworking/UIKit+AFNetworking/UIImage+AFNetworking.h"; sourceTree = "<group>"; };
		89B72B921E2395F5007A8E85 /* UIImageView+AFNetworking.h */ = {isa = PBXFileReference; fileEncoding = 4; lastKnownFileType = sourcecode.c.h; name = "UIImageView+AFNetworking.h"; path = "ThirdSupport/AFNetworking/UIKit+AFNetworking/UIImageView+AFNetworking.h"; sourceTree = "<group>"; };
		89B72B931E2395F5007A8E85 /* UIImageView+AFNetworking.m */ = {isa = PBXFileReference; fileEncoding = 4; lastKnownFileType = sourcecode.c.objc; name = "UIImageView+AFNetworking.m"; path = "ThirdSupport/AFNetworking/UIKit+AFNetworking/UIImageView+AFNetworking.m"; sourceTree = "<group>"; };
		89B72B941E2395F5007A8E85 /* UIKit+AFNetworking.h */ = {isa = PBXFileReference; fileEncoding = 4; lastKnownFileType = sourcecode.c.h; name = "UIKit+AFNetworking.h"; path = "ThirdSupport/AFNetworking/UIKit+AFNetworking/UIKit+AFNetworking.h"; sourceTree = "<group>"; };
		89B72B951E2395F5007A8E85 /* UIProgressView+AFNetworking.h */ = {isa = PBXFileReference; fileEncoding = 4; lastKnownFileType = sourcecode.c.h; name = "UIProgressView+AFNetworking.h"; path = "ThirdSupport/AFNetworking/UIKit+AFNetworking/UIProgressView+AFNetworking.h"; sourceTree = "<group>"; };
		89B72B961E2395F5007A8E85 /* UIProgressView+AFNetworking.m */ = {isa = PBXFileReference; fileEncoding = 4; lastKnownFileType = sourcecode.c.objc; name = "UIProgressView+AFNetworking.m"; path = "ThirdSupport/AFNetworking/UIKit+AFNetworking/UIProgressView+AFNetworking.m"; sourceTree = "<group>"; };
		89B72B971E2395F5007A8E85 /* UIRefreshControl+AFNetworking.h */ = {isa = PBXFileReference; fileEncoding = 4; lastKnownFileType = sourcecode.c.h; name = "UIRefreshControl+AFNetworking.h"; path = "ThirdSupport/AFNetworking/UIKit+AFNetworking/UIRefreshControl+AFNetworking.h"; sourceTree = "<group>"; };
		89B72B981E2395F5007A8E85 /* UIRefreshControl+AFNetworking.m */ = {isa = PBXFileReference; fileEncoding = 4; lastKnownFileType = sourcecode.c.objc; name = "UIRefreshControl+AFNetworking.m"; path = "ThirdSupport/AFNetworking/UIKit+AFNetworking/UIRefreshControl+AFNetworking.m"; sourceTree = "<group>"; };
		89B72B991E2395F5007A8E85 /* UIWebView+AFNetworking.h */ = {isa = PBXFileReference; fileEncoding = 4; lastKnownFileType = sourcecode.c.h; name = "UIWebView+AFNetworking.h"; path = "ThirdSupport/AFNetworking/UIKit+AFNetworking/UIWebView+AFNetworking.h"; sourceTree = "<group>"; };
		89B72B9A1E2395F5007A8E85 /* UIWebView+AFNetworking.m */ = {isa = PBXFileReference; fileEncoding = 4; lastKnownFileType = sourcecode.c.objc; name = "UIWebView+AFNetworking.m"; path = "ThirdSupport/AFNetworking/UIKit+AFNetworking/UIWebView+AFNetworking.m"; sourceTree = "<group>"; };
/* End PBXFileReference section */

/* Begin PBXFrameworksBuildPhase section */
		894A459C1E1B85400065BB30 /* Frameworks */ = {
			isa = PBXFrameworksBuildPhase;
			buildActionMask = 2147483647;
			files = (
			);
			runOnlyForDeploymentPostprocessing = 0;
		};
/* End PBXFrameworksBuildPhase section */

/* Begin PBXGroup section */
		892C6B571E30B22300B39B8C /* Handler */ = {
			isa = PBXGroup;
			children = (
				892C6B5B1E30CB6D00B39B8C /* networking */,
			);
			name = Handler;
			sourceTree = "<group>";
		};
		892C6B5B1E30CB6D00B39B8C /* networking */ = {
			isa = PBXGroup;
			children = (
				892C6B601E30CBC700B39B8C /* YANetworkingHandler.h */,
				892C6B611E30CBC700B39B8C /* YANetworkingHandler.m */,
			);
			name = networking;
			sourceTree = "<group>";
		};
		894279421E2C975D007AFA8E /* YYModel */ = {
			isa = PBXGroup;
			children = (
				894279451E2C978C007AFA8E /* NSObject+YYModel.h */,
				894279461E2C978C007AFA8E /* NSObject+YYModel.m */,
				894279471E2C978C007AFA8E /* YYClassInfo.h */,
				894279481E2C978C007AFA8E /* YYClassInfo.m */,
				894279491E2C978C007AFA8E /* YYModel.h */,
			);
			name = YYModel;
			sourceTree = "<group>";
		};
		8942794C1E2CCB4F007AFA8E /* Model */ = {
			isa = PBXGroup;
			children = (
				8942794D1E2CCD7B007AFA8E /* YAAqicnDataModel.h */,
				8942794E1E2CCD7B007AFA8E /* YAAqicnDataModel.m */,
			);
			name = Model;
			sourceTree = "<group>";
		};
		894A45961E1B853F0065BB30 = {
			isa = PBXGroup;
			children = (
				894A45A11E1B85400065BB30 /* Your Air */,
				894A45AB1E1B85400065BB30 /* Main.storyboard */,
				894A45AE1E1B85400065BB30 /* Assets.xcassets */,
				894A45B01E1B85400065BB30 /* LaunchScreen.storyboard */,
				894A45A01E1B85400065BB30 /* Products */,
			);
			sourceTree = "<group>";
		};
		894A45A01E1B85400065BB30 /* Products */ = {
			isa = PBXGroup;
			children = (
				894A459F1E1B85400065BB30 /* Your Air.app */,
			);
			name = Products;
			sourceTree = "<group>";
		};
		894A45A11E1B85400065BB30 /* Your Air */ = {
			isa = PBXGroup;
			children = (
				894A45BC1E1B91C80065BB30 /* YA Files */,
				894A45A21E1B85400065BB30 /* Supporting Files */,
				89B72B711E238AE2007A8E85 /* ThirdSupport */,
			);
			path = "Your Air";
			sourceTree = "<group>";
		};
		894A45A21E1B85400065BB30 /* Supporting Files */ = {
			isa = PBXGroup;
			children = (
				894A45C61E1B970B0065BB30 /* Info.plist */,
				894A45C11E1B92780065BB30 /* main.m */,
				89B126C71E24927400A3B326 /* YA.pch */,
			);
			name = "Supporting Files";
			sourceTree = "<group>";
		};
		894A45BC1E1B91C80065BB30 /* YA Files */ = {
			isa = PBXGroup;
			children = (
				89B72B6D1E2386A0007A8E85 /* source */,
				89B72BA41E239835007A8E85 /* Constant */,
				894A45BD1E1B92060065BB30 /* AppDelegate.h */,
				894A45BE1E1B92060065BB30 /* AppDelegate.m */,
			);
			name = "YA Files";
			sourceTree = "<group>";
		};
		89B72B6D1E2386A0007A8E85 /* source */ = {
			isa = PBXGroup;
			children = (
				89B72B6E1E2386D4007A8E85 /* YAHomeViewController.h */,
				89B72B6F1E2386D4007A8E85 /* YAHomeViewController.m */,
				89B126C81E24EB5500A3B326 /* YASettingsViewController.h */,
				89B126C91E24EB5500A3B326 /* YASettingsViewController.m */,
				892C6B571E30B22300B39B8C /* Handler */,
				8942794C1E2CCB4F007AFA8E /* Model */,
			);
			name = source;
			sourceTree = "<group>";
		};
		89B72B711E238AE2007A8E85 /* ThirdSupport */ = {
			isa = PBXGroup;
			children = (
				894279421E2C975D007AFA8E /* YYModel */,
				89B72B721E238AF6007A8E85 /* AFNetworking */,
			);
			name = ThirdSupport;
			sourceTree = "<group>";
		};
		89B72B721E238AF6007A8E85 /* AFNetworking */ = {
			isa = PBXGroup;
			children = (
				89B72B731E2395CF007A8E85 /* AFHTTPSessionManager.h */,
				89B72B741E2395CF007A8E85 /* AFHTTPSessionManager.m */,
				89B72B751E2395CF007A8E85 /* AFNetworking.h */,
				89B72B761E2395CF007A8E85 /* AFNetworkReachabilityManager.h */,
				89B72B771E2395CF007A8E85 /* AFNetworkReachabilityManager.m */,
				89B72B781E2395CF007A8E85 /* AFSecurityPolicy.h */,
				89B72B791E2395CF007A8E85 /* AFSecurityPolicy.m */,
				89B72B7A1E2395CF007A8E85 /* AFURLRequestSerialization.h */,
				89B72B7B1E2395CF007A8E85 /* AFURLRequestSerialization.m */,
				89B72B7C1E2395CF007A8E85 /* AFURLResponseSerialization.h */,
				89B72B7D1E2395CF007A8E85 /* AFURLResponseSerialization.m */,
				89B72B7E1E2395CF007A8E85 /* AFURLSessionManager.h */,
				89B72B7F1E2395CF007A8E85 /* AFURLSessionManager.m */,
				89B72B861E2395E3007A8E85 /* UIKit+AFNetworking */,
			);
			name = AFNetworking;
			sourceTree = "<group>";
		};
		89B72B861E2395E3007A8E85 /* UIKit+AFNetworking */ = {
			isa = PBXGroup;
			children = (
				89B72B871E2395F5007A8E85 /* AFAutoPurgingImageCache.h */,
				89B72B881E2395F5007A8E85 /* AFAutoPurgingImageCache.m */,
				89B72B891E2395F5007A8E85 /* AFImageDownloader.h */,
				89B72B8A1E2395F5007A8E85 /* AFImageDownloader.m */,
				89B72B8B1E2395F5007A8E85 /* AFNetworkActivityIndicatorManager.h */,
				89B72B8C1E2395F5007A8E85 /* AFNetworkActivityIndicatorManager.m */,
				89B72B8D1E2395F5007A8E85 /* UIActivityIndicatorView+AFNetworking.h */,
				89B72B8E1E2395F5007A8E85 /* UIActivityIndicatorView+AFNetworking.m */,
				89B72B8F1E2395F5007A8E85 /* UIButton+AFNetworking.h */,
				89B72B901E2395F5007A8E85 /* UIButton+AFNetworking.m */,
				89B72B911E2395F5007A8E85 /* UIImage+AFNetworking.h */,
				89B72B921E2395F5007A8E85 /* UIImageView+AFNetworking.h */,
				89B72B931E2395F5007A8E85 /* UIImageView+AFNetworking.m */,
				89B72B941E2395F5007A8E85 /* UIKit+AFNetworking.h */,
				89B72B951E2395F5007A8E85 /* UIProgressView+AFNetworking.h */,
				89B72B961E2395F5007A8E85 /* UIProgressView+AFNetworking.m */,
				89B72B971E2395F5007A8E85 /* UIRefreshControl+AFNetworking.h */,
				89B72B981E2395F5007A8E85 /* UIRefreshControl+AFNetworking.m */,
				89B72B991E2395F5007A8E85 /* UIWebView+AFNetworking.h */,
				89B72B9A1E2395F5007A8E85 /* UIWebView+AFNetworking.m */,
			);
			name = "UIKit+AFNetworking";
			sourceTree = "<group>";
		};
		89B72BA41E239835007A8E85 /* Constant */ = {
			isa = PBXGroup;
			children = (
				89B126C61E2484A000A3B326 /* YAConstants.h */,
			);
			name = Constant;
			sourceTree = "<group>";
		};
/* End PBXGroup section */

/* Begin PBXNativeTarget section */
		894A459E1E1B85400065BB30 /* Your Air */ = {
			isa = PBXNativeTarget;
			buildConfigurationList = 894A45B61E1B85400065BB30 /* Build configuration list for PBXNativeTarget "Your Air" */;
			buildPhases = (
				894A459B1E1B85400065BB30 /* Sources */,
				894A459C1E1B85400065BB30 /* Frameworks */,
				894A459D1E1B85400065BB30 /* Resources */,
			);
			buildRules = (
			);
			dependencies = (
			);
			name = "Your Air";
			productName = "Your Air";
			productReference = 894A459F1E1B85400065BB30 /* Your Air.app */;
			productType = "com.apple.product-type.application";
		};
/* End PBXNativeTarget section */

/* Begin PBXProject section */
		894A45971E1B853F0065BB30 /* Project object */ = {
			isa = PBXProject;
			attributes = {
				LastUpgradeCheck = 0800;
				ORGANIZATIONNAME = zhuqi;
				TargetAttributes = {
					894A459E1E1B85400065BB30 = {
						CreatedOnToolsVersion = 8.0;
						DevelopmentTeam = SFWLXFZC2V;
						ProvisioningStyle = Automatic;
					};
				};
			};
			buildConfigurationList = 894A459A1E1B853F0065BB30 /* Build configuration list for PBXProject "Your Air" */;
			compatibilityVersion = "Xcode 3.2";
			developmentRegion = English;
			hasScannedForEncodings = 0;
			knownRegions = (
				en,
				Base,
			);
			mainGroup = 894A45961E1B853F0065BB30;
			productRefGroup = 894A45A01E1B85400065BB30 /* Products */;
			projectDirPath = "";
			projectRoot = "";
			targets = (
				894A459E1E1B85400065BB30 /* Your Air */,
			);
		};
/* End PBXProject section */

/* Begin PBXResourcesBuildPhase section */
		894A459D1E1B85400065BB30 /* Resources */ = {
			isa = PBXResourcesBuildPhase;
			buildActionMask = 2147483647;
			files = (
				894A45C71E1B970B0065BB30 /* Info.plist in Resources */,
				894A45B21E1B85400065BB30 /* LaunchScreen.storyboard in Resources */,
				894A45AF1E1B85400065BB30 /* Assets.xcassets in Resources */,
				894A45AD1E1B85400065BB30 /* Main.storyboard in Resources */,
			);
			runOnlyForDeploymentPostprocessing = 0;
		};
/* End PBXResourcesBuildPhase section */

/* Begin PBXSourcesBuildPhase section */
		894A459B1E1B85400065BB30 /* Sources */ = {
			isa = PBXSourcesBuildPhase;
			buildActionMask = 2147483647;
			files = (
				89B72BA11E2395F5007A8E85 /* UIProgressView+AFNetworking.m in Sources */,
				89B72B851E2395CF007A8E85 /* AFURLSessionManager.m in Sources */,
				89B72BA31E2395F5007A8E85 /* UIWebView+AFNetworking.m in Sources */,
				89B72BA01E2395F5007A8E85 /* UIImageView+AFNetworking.m in Sources */,
				894A45C31E1B92780065BB30 /* main.m in Sources */,
				89B72B9F1E2395F5007A8E85 /* UIButton+AFNetworking.m in Sources */,
				892C6B621E30CBC700B39B8C /* YANetworkingHandler.m in Sources */,
				8942794F1E2CCD7B007AFA8E /* YAAqicnDataModel.m in Sources */,
				89B72B701E2386D4007A8E85 /* YAHomeViewController.m in Sources */,
				89B72B811E2395CF007A8E85 /* AFNetworkReachabilityManager.m in Sources */,
				89B72BA21E2395F5007A8E85 /* UIRefreshControl+AFNetworking.m in Sources */,
				894A45BF1E1B92060065BB30 /* AppDelegate.m in Sources */,
				89B72B9B1E2395F5007A8E85 /* AFAutoPurgingImageCache.m in Sources */,
				8942794A1E2C978C007AFA8E /* NSObject+YYModel.m in Sources */,
				89B126CA1E24EB5500A3B326 /* YASettingsViewController.m in Sources */,
				8942794B1E2C978C007AFA8E /* YYClassInfo.m in Sources */,
				89B72B821E2395CF007A8E85 /* AFSecurityPolicy.m in Sources */,
				89B72B831E2395CF007A8E85 /* AFURLRequestSerialization.m in Sources */,
				89B72B9D1E2395F5007A8E85 /* AFNetworkActivityIndicatorManager.m in Sources */,
				89B72B841E2395CF007A8E85 /* AFURLResponseSerialization.m in Sources */,
				89B72B801E2395CF007A8E85 /* AFHTTPSessionManager.m in Sources */,
				89B72B9C1E2395F5007A8E85 /* AFImageDownloader.m in Sources */,
				89B72B9E1E2395F5007A8E85 /* UIActivityIndicatorView+AFNetworking.m in Sources */,
			);
			runOnlyForDeploymentPostprocessing = 0;
		};
/* End PBXSourcesBuildPhase section */

/* Begin PBXVariantGroup section */
		894A45AB1E1B85400065BB30 /* Main.storyboard */ = {
			isa = PBXVariantGroup;
			children = (
				894A45AC1E1B85400065BB30 /* Base */,
			);
			name = Main.storyboard;
			path = "Your Air";
			sourceTree = "<group>";
		};
		894A45B01E1B85400065BB30 /* LaunchScreen.storyboard */ = {
			isa = PBXVariantGroup;
			children = (
				894A45B11E1B85400065BB30 /* Base */,
			);
			name = LaunchScreen.storyboard;
			path = "Your Air";
			sourceTree = "<group>";
		};
/* End PBXVariantGroup section */

/* Begin XCBuildConfiguration section */
		894A45B41E1B85400065BB30 /* Debug */ = {
			isa = XCBuildConfiguration;
			buildSettings = {
				ALWAYS_SEARCH_USER_PATHS = NO;
				CLANG_ANALYZER_NONNULL = YES;
				CLANG_CXX_LANGUAGE_STANDARD = "gnu++0x";
				CLANG_CXX_LIBRARY = "libc++";
				CLANG_ENABLE_MODULES = YES;
				CLANG_ENABLE_OBJC_ARC = YES;
				CLANG_WARN_BOOL_CONVERSION = YES;
				CLANG_WARN_CONSTANT_CONVERSION = YES;
				CLANG_WARN_DIRECT_OBJC_ISA_USAGE = YES_ERROR;
				CLANG_WARN_DOCUMENTATION_COMMENTS = YES;
				CLANG_WARN_EMPTY_BODY = YES;
				CLANG_WARN_ENUM_CONVERSION = YES;
				CLANG_WARN_INFINITE_RECURSION = YES;
				CLANG_WARN_INT_CONVERSION = YES;
				CLANG_WARN_OBJC_ROOT_CLASS = YES_ERROR;
				CLANG_WARN_SUSPICIOUS_MOVES = YES;
				CLANG_WARN_UNREACHABLE_CODE = YES;
				CLANG_WARN__DUPLICATE_METHOD_MATCH = YES;
				"CODE_SIGN_IDENTITY[sdk=iphoneos*]" = "iPhone Developer";
				COPY_PHASE_STRIP = NO;
				DEBUG_INFORMATION_FORMAT = dwarf;
				ENABLE_STRICT_OBJC_MSGSEND = YES;
				ENABLE_TESTABILITY = YES;
				GCC_C_LANGUAGE_STANDARD = gnu99;
				GCC_DYNAMIC_NO_PIC = NO;
				GCC_NO_COMMON_BLOCKS = YES;
				GCC_OPTIMIZATION_LEVEL = 0;
				GCC_PREPROCESSOR_DEFINITIONS = (
					"DEBUG=1",
					"$(inherited)",
				);
				GCC_WARN_64_TO_32_BIT_CONVERSION = YES;
				GCC_WARN_ABOUT_RETURN_TYPE = YES_ERROR;
				GCC_WARN_UNDECLARED_SELECTOR = YES;
				GCC_WARN_UNINITIALIZED_AUTOS = YES_AGGRESSIVE;
				GCC_WARN_UNUSED_FUNCTION = YES;
				GCC_WARN_UNUSED_VARIABLE = YES;
				IPHONEOS_DEPLOYMENT_TARGET = 10.0;
				MTL_ENABLE_DEBUG_INFO = YES;
				ONLY_ACTIVE_ARCH = YES;
				SDKROOT = iphoneos;
				TARGETED_DEVICE_FAMILY = "1,2";
			};
			name = Debug;
		};
		894A45B51E1B85400065BB30 /* Release */ = {
			isa = XCBuildConfiguration;
			buildSettings = {
				ALWAYS_SEARCH_USER_PATHS = NO;
				CLANG_ANALYZER_NONNULL = YES;
				CLANG_CXX_LANGUAGE_STANDARD = "gnu++0x";
				CLANG_CXX_LIBRARY = "libc++";
				CLANG_ENABLE_MODULES = YES;
				CLANG_ENABLE_OBJC_ARC = YES;
				CLANG_WARN_BOOL_CONVERSION = YES;
				CLANG_WARN_CONSTANT_CONVERSION = YES;
				CLANG_WARN_DIRECT_OBJC_ISA_USAGE = YES_ERROR;
				CLANG_WARN_DOCUMENTATION_COMMENTS = YES;
				CLANG_WARN_EMPTY_BODY = YES;
				CLANG_WARN_ENUM_CONVERSION = YES;
				CLANG_WARN_INFINITE_RECURSION = YES;
				CLANG_WARN_INT_CONVERSION = YES;
				CLANG_WARN_OBJC_ROOT_CLASS = YES_ERROR;
				CLANG_WARN_SUSPICIOUS_MOVES = YES;
				CLANG_WARN_UNREACHABLE_CODE = YES;
				CLANG_WARN__DUPLICATE_METHOD_MATCH = YES;
				"CODE_SIGN_IDENTITY[sdk=iphoneos*]" = "iPhone Developer";
				COPY_PHASE_STRIP = NO;
				DEBUG_INFORMATION_FORMAT = "dwarf-with-dsym";
				ENABLE_NS_ASSERTIONS = NO;
				ENABLE_STRICT_OBJC_MSGSEND = YES;
				GCC_C_LANGUAGE_STANDARD = gnu99;
				GCC_NO_COMMON_BLOCKS = YES;
				GCC_WARN_64_TO_32_BIT_CONVERSION = YES;
				GCC_WARN_ABOUT_RETURN_TYPE = YES_ERROR;
				GCC_WARN_UNDECLARED_SELECTOR = YES;
				GCC_WARN_UNINITIALIZED_AUTOS = YES_AGGRESSIVE;
				GCC_WARN_UNUSED_FUNCTION = YES;
				GCC_WARN_UNUSED_VARIABLE = YES;
				IPHONEOS_DEPLOYMENT_TARGET = 10.0;
				MTL_ENABLE_DEBUG_INFO = NO;
				SDKROOT = iphoneos;
				TARGETED_DEVICE_FAMILY = "1,2";
				VALIDATE_PRODUCT = YES;
			};
			name = Release;
		};
		894A45B71E1B85400065BB30 /* Debug */ = {
			isa = XCBuildConfiguration;
			buildSettings = {
				ASSETCATALOG_COMPILER_APPICON_NAME = AppIcon;
				DEVELOPMENT_TEAM = SFWLXFZC2V;
				GCC_PRECOMPILE_PREFIX_HEADER = YES;
				GCC_PREFIX_HEADER = "Your Air/YA.pch";
				INFOPLIST_FILE = "Your Air/Info.plist";
				IPHONEOS_DEPLOYMENT_TARGET = 8.0;
				LD_RUNPATH_SEARCH_PATHS = "$(inherited) @executable_path/Frameworks";
				PRODUCT_BUNDLE_IDENTIFIER = "zhuqi.Your-Air";
				PRODUCT_NAME = "$(TARGET_NAME)";
			};
			name = Debug;
		};
		894A45B81E1B85400065BB30 /* Release */ = {
			isa = XCBuildConfiguration;
			buildSettings = {
				ASSETCATALOG_COMPILER_APPICON_NAME = AppIcon;
				DEVELOPMENT_TEAM = SFWLXFZC2V;
				GCC_PRECOMPILE_PREFIX_HEADER = YES;
				GCC_PREFIX_HEADER = "Your Air/YA.pch";
				INFOPLIST_FILE = "Your Air/Info.plist";
				IPHONEOS_DEPLOYMENT_TARGET = 8.0;
				LD_RUNPATH_SEARCH_PATHS = "$(inherited) @executable_path/Frameworks";
				PRODUCT_BUNDLE_IDENTIFIER = "zhuqi.Your-Air";
				PRODUCT_NAME = "$(TARGET_NAME)";
			};
			name = Release;
		};
/* End XCBuildConfiguration section */

/* Begin XCConfigurationList section */
		894A459A1E1B853F0065BB30 /* Build configuration list for PBXProject "Your Air" */ = {
			isa = XCConfigurationList;
			buildConfigurations = (
				894A45B41E1B85400065BB30 /* Debug */,
				894A45B51E1B85400065BB30 /* Release */,
			);
			defaultConfigurationIsVisible = 0;
			defaultConfigurationName = Release;
		};
		894A45B61E1B85400065BB30 /* Build configuration list for PBXNativeTarget "Your Air" */ = {
			isa = XCConfigurationList;
			buildConfigurations = (
				894A45B71E1B85400065BB30 /* Debug */,
				894A45B81E1B85400065BB30 /* Release */,
			);
			defaultConfigurationIsVisible = 0;
			defaultConfigurationName = Release;
		};
/* End XCConfigurationList section */
	};
	rootObject = 894A45971E1B853F0065BB30 /* Project object */;
}
